
Microsoft Visual Studio Solution File, Format Version 12.00
# Visual Studio Version 17
VisualStudioVersion = 17.5.33516.290
MinimumVisualStudioVersion = 10.0.40219.1
Project("{FAE04EC0-301F-11D3-BF4B-00C04F79EFBC}") = "WpfApp", "WpfApp\WpfApp.csproj", "{5799D169-B423-42A1-B522-28E61CFE64CC}"
EndProject
Project("{FAE04EC0-301F-11D3-BF4B-00C04F79EFBC}") = "Library", "Library\Library.csproj", "{3E2C817F-31E8-4078-BC54-5DDC8BA578B5}"
EndProject
Project("{FAE04EC0-301F-11D3-BF4B-00C04F79EFBC}") = "ViewModels", "ViewModels\ViewModels.csproj", "{0D040AC2-1370-4156-BF63-55B44C8EC79A}"
EndProject
Global
	GlobalSection(SolutionConfigurationPlatforms) = preSolution
		Debug|Any CPU = Debug|Any CPU
		Release|Any CPU = Release|Any CPU
	EndGlobalSection
	GlobalSection(ProjectConfigurationPlatforms) = postSolution
		{5799D169-B423-42A1-B522-28E61CFE64CC}.Debug|Any CPU.ActiveCfg = Debug|Any CPU
		{5799D169-B423-42A1-B522-28E61CFE64CC}.Debug|Any CPU.Build.0 = Debug|Any CPU
		{5799D169-B423-42A1-B522-28E61CFE64CC}.Release|Any CPU.ActiveCfg = Release|Any CPU
		{5799D169-B423-42A1-B522-28E61CFE64CC}.Release|Any CPU.Build.0 = Release|Any CPU
		{3E2C817F-31E8-4078-BC54-5DDC8BA578B5}.Debug|Any CPU.ActiveCfg = Debug|Any CPU
		{3E2C817F-31E8-4078-BC54-5DDC8BA578B5}.Debug|Any CPU.Build.0 = Debug|Any CPU
		{3E2C817F-31E8-4078-BC54-5DDC8BA578B5}.Release|Any CPU.ActiveCfg = Release|Any CPU
		{3E2C817F-31E8-4078-BC54-5DDC8BA578B5}.Release|Any CPU.Build.0 = Release|Any CPU
		{0D040AC2-1370-4156-BF63-55B44C8EC79A}.Debug|Any CPU.ActiveCfg = Debug|Any CPU
		{0D040AC2-1370-4156-BF63-55B44C8EC79A}.Debug|Any CPU.Build.0 = Debug|Any CPU
		{0D040AC2-1370-4156-BF63-55B44C8EC79A}.Release|Any CPU.ActiveCfg = Release|Any CPU
		{0D040AC2-1370-4156-BF63-55B44C8EC79A}.Release|Any CPU.Build.0 = Release|Any CPU
	EndGlobalSection
	GlobalSection(SolutionProperties) = preSolution
		HideSolutionNode = FALSE
	EndGlobalSection
	GlobalSection(ExtensibilityGlobals) = postSolution
		SolutionGuid = {BF147D74-64F9-4A61-BF21-D2C367ECEF2B}
	EndGlobalSection
EndGlobal
